
Microsoft Visual Studio Solution File, Format Version 12.00
# Visual Studio 15
Project("{FAE04EC0-301F-11D3-BF4B-00C04F79EFBC}") = "Assembly-CSharp", "Assembly-CSharp.csproj", "{97736266-7CA6-BABE-671B-7DB793A6F454}"
EndProject
Project("{FAE04EC0-301F-11D3-BF4B-00C04F79EFBC}") = "Assembly-CSharp-firstpass", "Assembly-CSharp-firstpass.csproj", "{630FFB1E-5A39-25E4-3D72-65AA602337E2}"
EndProject
Project("{FAE04EC0-301F-11D3-BF4B-00C04F79EFBC}") = "Assembly-CSharp-Editor", "Assembly-CSharp-Editor.csproj", "{C00EC4CD-A469-12E7-5D87-95E411686ADA}"
EndProject
Project("{FAE04EC0-301F-11D3-BF4B-00C04F79EFBC}") = "Assembly-CSharp-Editor-firstpass", "Assembly-CSharp-Editor-firstpass.csproj", "{538DF8B9-0F2B-969A-8AA6-08F6E5115175}"
EndProject
Global
	GlobalSection(SolutionConfigurationPlatforms) = preSolution
		Debug|Any CPU = Debug|Any CPU
		Release|Any CPU = Release|Any CPU
	EndGlobalSection
	GlobalSection(ProjectConfigurationPlatforms) = postSolution
		{97736266-7CA6-BABE-671B-7DB793A6F454}.Debug|Any CPU.ActiveCfg = Debug|Any CPU
		{97736266-7CA6-BABE-671B-7DB793A6F454}.Debug|Any CPU.Build.0 = Debug|Any CPU
		{97736266-7CA6-BABE-671B-7DB793A6F454}.Release|Any CPU.ActiveCfg = Release|Any CPU
		{97736266-7CA6-BABE-671B-7DB793A6F454}.Release|Any CPU.Build.0 = Release|Any CPU
		{630FFB1E-5A39-25E4-3D72-65AA602337E2}.Debug|Any CPU.ActiveCfg = Debug|Any CPU
		{630FFB1E-5A39-25E4-3D72-65AA602337E2}.Debug|Any CPU.Build.0 = Debug|Any CPU
		{630FFB1E-5A39-25E4-3D72-65AA602337E2}.Release|Any CPU.ActiveCfg = Release|Any CPU
		{630FFB1E-5A39-25E4-3D72-65AA602337E2}.Release|Any CPU.Build.0 = Release|Any CPU
		{C00EC4CD-A469-12E7-5D87-95E411686ADA}.Debug|Any CPU.ActiveCfg = Debug|Any CPU
		{C00EC4CD-A469-12E7-5D87-95E411686ADA}.Debug|Any CPU.Build.0 = Debug|Any CPU
		{C00EC4CD-A469-12E7-5D87-95E411686ADA}.Release|Any CPU.ActiveCfg = Release|Any CPU
		{C00EC4CD-A469-12E7-5D87-95E411686ADA}.Release|Any CPU.Build.0 = Release|Any CPU
		{538DF8B9-0F2B-969A-8AA6-08F6E5115175}.Debug|Any CPU.ActiveCfg = Debug|Any CPU
		{538DF8B9-0F2B-969A-8AA6-08F6E5115175}.Debug|Any CPU.Build.0 = Debug|Any CPU
		{538DF8B9-0F2B-969A-8AA6-08F6E5115175}.Release|Any CPU.ActiveCfg = Release|Any CPU
		{538DF8B9-0F2B-969A-8AA6-08F6E5115175}.Release|Any CPU.Build.0 = Release|Any CPU
	EndGlobalSection
	GlobalSection(SolutionProperties) = preSolution
		HideSolutionNode = FALSE
	EndGlobalSection
EndGlobal
